// !$*UTF8*$!
{
	archiveVersion = 1;
	classes = {
	};
	objectVersion = 46;
	objects = {

/* Begin PBXBuildFile section */
		69D4E6B61B3571A300DF1DFE /* main.m in Sources */ = {isa = PBXBuildFile; fileRef = 69D4E6B51B3571A300DF1DFE /* main.m */; };
		69D4E6B91B3571A300DF1DFE /* AppDelegate.m in Sources */ = {isa = PBXBuildFile; fileRef = 69D4E6B81B3571A300DF1DFE /* AppDelegate.m */; };
		69D4E6BC1B3571A300DF1DFE /* ViewController.m in Sources */ = {isa = PBXBuildFile; fileRef = 69D4E6BB1B3571A300DF1DFE /* ViewController.m */; };
		69D4E6BF1B3571A300DF1DFE /* Main.storyboard in Resources */ = {isa = PBXBuildFile; fileRef = 69D4E6BD1B3571A300DF1DFE /* Main.storyboard */; };
		69D4E6C11B3571A300DF1DFE /* Images.xcassets in Resources */ = {isa = PBXBuildFile; fileRef = 69D4E6C01B3571A300DF1DFE /* Images.xcassets */; };
		69D4E6C41B3571A300DF1DFE /* LaunchScreen.xib in Resources */ = {isa = PBXBuildFile; fileRef = 69D4E6C21B3571A300DF1DFE /* LaunchScreen.xib */; };
		69D4E6D01B3571A300DF1DFE /* BladeViewTests.m in Sources */ = {isa = PBXBuildFile; fileRef = 69D4E6CF1B3571A300DF1DFE /* BladeViewTests.m */; };
		69D4E6DB1B35720400DF1DFE /* BladeView.m in Sources */ = {isa = PBXBuildFile; fileRef = 69D4E6DA1B35720400DF1DFE /* BladeView.m */; };
		69D4E6DE1B357D7F00DF1DFE /* CGPointExtension.m in Sources */ = {isa = PBXBuildFile; fileRef = 69D4E6DD1B357D7F00DF1DFE /* CGPointExtension.m */; };
/* End PBXBuildFile section */

/* Begin PBXContainerItemProxy section */
		69D4E6CA1B3571A300DF1DFE /* PBXContainerItemProxy */ = {
			isa = PBXContainerItemProxy;
			containerPortal = 69D4E6A81B3571A300DF1DFE /* Project object */;
			proxyType = 1;
			remoteGlobalIDString = 69D4E6AF1B3571A300DF1DFE;
			remoteInfo = BladeView;
		};
/* End PBXContainerItemProxy section */

/* Begin PBXFileReference section */
		69D4E6B01B3571A300DF1DFE /* BladeView.app */ = {isa = PBXFileReference; explicitFileType = wrapper.application; includeInIndex = 0; path = BladeView.app; sourceTree = BUILT_PRODUCTS_DIR; };
		69D4E6B41B3571A300DF1DFE /* Info.plist */ = {isa = PBXFileReference; lastKnownFileType = text.plist.xml; path = Info.plist; sourceTree = "<group>"; };
		69D4E6B51B3571A300DF1DFE /* main.m */ = {isa = PBXFileReference; lastKnownFileType = sourcecode.c.objc; path = main.m; sourceTree = "<group>"; };
		69D4E6B71B3571A300DF1DFE /* AppDelegate.h */ = {isa = PBXFileReference; lastKnownFileType = sourcecode.c.h; path = AppDelegate.h; sourceTree = "<group>"; };
		69D4E6B81B3571A300DF1DFE /* AppDelegate.m */ = {isa = PBXFileReference; lastKnownFileType = sourcecode.c.objc; path = AppDelegate.m; sourceTree = "<group>"; };
		69D4E6BA1B3571A300DF1DFE /* ViewController.h */ = {isa = PBXFileReference; lastKnownFileType = sourcecode.c.h; path = ViewController.h; sourceTree = "<group>"; };
		69D4E6BB1B3571A300DF1DFE /* ViewController.m */ = {isa = PBXFileReference; lastKnownFileType = sourcecode.c.objc; path = ViewController.m; sourceTree = "<group>"; };
		69D4E6BE1B3571A300DF1DFE /* Base */ = {isa = PBXFileReference; lastKnownFileType = file.storyboard; name = Base; path = Base.lproj/Main.storyboard; sourceTree = "<group>"; };
		69D4E6C01B3571A300DF1DFE /* Images.xcassets */ = {isa = PBXFileReference; lastKnownFileType = folder.assetcatalog; path = Images.xcassets; sourceTree = "<group>"; };
		69D4E6C31B3571A300DF1DFE /* Base */ = {isa = PBXFileReference; lastKnownFileType = file.xib; name = Base; path = Base.lproj/LaunchScreen.xib; sourceTree = "<group>"; };
		69D4E6C91B3571A300DF1DFE /* BladeViewTests.xctest */ = {isa = PBXFileReference; explicitFileType = wrapper.cfbundle; includeInIndex = 0; path = BladeViewTests.xctest; sourceTree = BUILT_PRODUCTS_DIR; };
		69D4E6CE1B3571A300DF1DFE /* Info.plist */ = {isa = PBXFileReference; lastKnownFileType = text.plist.xml; path = Info.plist; sourceTree = "<group>"; };
		69D4E6CF1B3571A300DF1DFE /* BladeViewTests.m */ = {isa = PBXFileReference; lastKnownFileType = sourcecode.c.objc; path = BladeViewTests.m; sourceTree = "<group>"; };
		69D4E6D91B35720400DF1DFE /* BladeView.h */ = {isa = PBXFileReference; fileEncoding = 4; lastKnownFileType = sourcecode.c.h; path = BladeView.h; sourceTree = "<group>"; };
		69D4E6DA1B35720400DF1DFE /* BladeView.m */ = {isa = PBXFileReference; fileEncoding = 4; lastKnownFileType = sourcecode.c.objc; path = BladeView.m; sourceTree = "<group>"; };
		69D4E6DC1B357D7F00DF1DFE /* CGPointExtension.h */ = {isa = PBXFileReference; fileEncoding = 4; lastKnownFileType = sourcecode.c.h; path = CGPointExtension.h; sourceTree = "<group>"; };
		69D4E6DD1B357D7F00DF1DFE /* CGPointExtension.m */ = {isa = PBXFileReference; fileEncoding = 4; lastKnownFileType = sourcecode.c.objc; path = CGPointExtension.m; sourceTree = "<group>"; };
/* End PBXFileReference section */

/* Begin PBXFrameworksBuildPhase section */
		69D4E6AD1B3571A300DF1DFE /* Frameworks */ = {
			isa = PBXFrameworksBuildPhase;
			buildActionMask = 2147483647;
			files = (
			);
			runOnlyForDeploymentPostprocessing = 0;
		};
		69D4E6C61B3571A300DF1DFE /* Frameworks */ = {
			isa = PBXFrameworksBuildPhase;
			buildActionMask = 2147483647;
			files = (
			);
			runOnlyForDeploymentPostprocessing = 0;
		};
/* End PBXFrameworksBuildPhase section */

/* Begin PBXGroup section */
		69D4E6A71B3571A300DF1DFE = {
			isa = PBXGroup;
			children = (
				69D4E6B21B3571A300DF1DFE /* BladeView */,
				69D4E6CC1B3571A300DF1DFE /* BladeViewTests */,
				69D4E6B11B3571A300DF1DFE /* Products */,
			);
			sourceTree = "<group>";
		};
		69D4E6B11B3571A300DF1DFE /* Products */ = {
			isa = PBXGroup;
			children = (
				69D4E6B01B3571A300DF1DFE /* BladeView.app */,
				69D4E6C91B3571A300DF1DFE /* BladeViewTests.xctest */,
			);
			name = Products;
			sourceTree = "<group>";
		};
		69D4E6B21B3571A300DF1DFE /* BladeView */ = {
			isa = PBXGroup;
			children = (
				69D4E6D91B35720400DF1DFE /* BladeView.h */,
				69D4E6DA1B35720400DF1DFE /* BladeView.m */,
				69D4E6DC1B357D7F00DF1DFE /* CGPointExtension.h */,
				69D4E6DD1B357D7F00DF1DFE /* CGPointExtension.m */,
				69D4E6B71B3571A300DF1DFE /* AppDelegate.h */,
				69D4E6B81B3571A300DF1DFE /* AppDelegate.m */,
				69D4E6BA1B3571A300DF1DFE /* ViewController.h */,
				69D4E6BB1B3571A300DF1DFE /* ViewController.m */,
				69D4E6BD1B3571A300DF1DFE /* Main.storyboard */,
				69D4E6C01B3571A300DF1DFE /* Images.xcassets */,
				69D4E6C21B3571A300DF1DFE /* LaunchScreen.xib */,
				69D4E6B31B3571A300DF1DFE /* Supporting Files */,
			);
			path = BladeView;
			sourceTree = "<group>";
		};
		69D4E6B31B3571A300DF1DFE /* Supporting Files */ = {
			isa = PBXGroup;
			children = (
				69D4E6B41B3571A300DF1DFE /* Info.plist */,
				69D4E6B51B3571A300DF1DFE /* main.m */,
			);
			name = "Supporting Files";
			sourceTree = "<group>";
		};
		69D4E6CC1B3571A300DF1DFE /* BladeViewTests */ = {
			isa = PBXGroup;
			children = (
				69D4E6CF1B3571A300DF1DFE /* BladeViewTests.m */,
				69D4E6CD1B3571A300DF1DFE /* Supporting Files */,
			);
			path = BladeViewTests;
			sourceTree = "<group>";
		};
		69D4E6CD1B3571A300DF1DFE /* Supporting Files */ = {
			isa = PBXGroup;
			children = (
				69D4E6CE1B3571A300DF1DFE /* Info.plist */,
			);
			name = "Supporting Files";
			sourceTree = "<group>";
		};
/* End PBXGroup section */

/* Begin PBXNativeTarget section */
		69D4E6AF1B3571A300DF1DFE /* BladeView */ = {
			isa = PBXNativeTarget;
			buildConfigurationList = 69D4E6D31B3571A300DF1DFE /* Build configuration list for PBXNativeTarget "BladeView" */;
			buildPhases = (
				69D4E6AC1B3571A300DF1DFE /* Sources */,
				69D4E6AD1B3571A300DF1DFE /* Frameworks */,
				69D4E6AE1B3571A300DF1DFE /* Resources */,
			);
			buildRules = (
			);
			dependencies = (
			);
			name = BladeView;
			productName = BladeView;
			productReference = 69D4E6B01B3571A300DF1DFE /* BladeView.app */;
			productType = "com.apple.product-type.application";
		};
		69D4E6C81B3571A300DF1DFE /* BladeViewTests */ = {
			isa = PBXNativeTarget;
			buildConfigurationList = 69D4E6D61B3571A300DF1DFE /* Build configuration list for PBXNativeTarget "BladeViewTests" */;
			buildPhases = (
				69D4E6C51B3571A300DF1DFE /* Sources */,
				69D4E6C61B3571A300DF1DFE /* Frameworks */,
				69D4E6C71B3571A300DF1DFE /* Resources */,
			);
			buildRules = (
			);
			dependencies = (
				69D4E6CB1B3571A300DF1DFE /* PBXTargetDependency */,
			);
			name = BladeViewTests;
			productName = BladeViewTests;
			productReference = 69D4E6C91B3571A300DF1DFE /* BladeViewTests.xctest */;
			productType = "com.apple.product-type.bundle.unit-test";
		};
/* End PBXNativeTarget section */

/* Begin PBXProject section */
		69D4E6A81B3571A300DF1DFE /* Project object */ = {
			isa = PBXProject;
			attributes = {
				LastUpgradeCheck = 0610;
				ORGANIZATIONNAME = ithooks;
				TargetAttributes = {
					69D4E6AF1B3571A300DF1DFE = {
						CreatedOnToolsVersion = 6.1.1;
					};
					69D4E6C81B3571A300DF1DFE = {
						CreatedOnToolsVersion = 6.1.1;
						TestTargetID = 69D4E6AF1B3571A300DF1DFE;
					};
				};
			};
			buildConfigurationList = 69D4E6AB1B3571A300DF1DFE /* Build configuration list for PBXProject "BladeView" */;
			compatibilityVersion = "Xcode 3.2";
			developmentRegion = English;
			hasScannedForEncodings = 0;
			knownRegions = (
				en,
				Base,
			);
			mainGroup = 69D4E6A71B3571A300DF1DFE;
			productRefGroup = 69D4E6B11B3571A300DF1DFE /* Products */;
			projectDirPath = "";
			projectRoot = "";
			targets = (
				69D4E6AF1B3571A300DF1DFE /* BladeView */,
				69D4E6C81B3571A300DF1DFE /* BladeViewTests */,
			);
		};
/* End PBXProject section */

/* Begin PBXResourcesBuildPhase section */
		69D4E6AE1B3571A300DF1DFE /* Resources */ = {
			isa = PBXResourcesBuildPhase;
			buildActionMask = 2147483647;
			files = (
				69D4E6BF1B3571A300DF1DFE /* Main.storyboard in Resources */,
				69D4E6C41B3571A300DF1DFE /* LaunchScreen.xib in Resources */,
				69D4E6C11B3571A300DF1DFE /* Images.xcassets in Resources */,
			);
			runOnlyForDeploymentPostprocessing = 0;
		};
		69D4E6C71B3571A300DF1DFE /* Resources */ = {
			isa = PBXResourcesBuildPhase;
			buildActionMask = 2147483647;
			files = (
			);
			runOnlyForDeploymentPostprocessing = 0;
		};
/* End PBXResourcesBuildPhase section */

/* Begin PBXSourcesBuildPhase section */
		69D4E6AC1B3571A300DF1DFE /* Sources */ = {
			isa = PBXSourcesBuildPhase;
			buildActionMask = 2147483647;
			files = (
				69D4E6BC1B3571A300DF1DFE /* ViewController.m in Sources */,
				69D4E6DE1B357D7F00DF1DFE /* CGPointExtension.m in Sources */,
				69D4E6DB1B35720400DF1DFE /* BladeView.m in Sources */,
				69D4E6B91B3571A300DF1DFE /* AppDelegate.m in Sources */,
				69D4E6B61B3571A300DF1DFE /* main.m in Sources */,
			);
			runOnlyForDeploymentPostprocessing = 0;
		};
		69D4E6C51B3571A300DF1DFE /* Sources */ = {
			isa = PBXSourcesBuildPhase;
			buildActionMask = 2147483647;
			files = (
				69D4E6D01B3571A300DF1DFE /* BladeViewTests.m in Sources */,
			);
			runOnlyForDeploymentPostprocessing = 0;
		};
/* End PBXSourcesBuildPhase section */

/* Begin PBXTargetDependency section */
		69D4E6CB1B3571A300DF1DFE /* PBXTargetDependency */ = {
			isa = PBXTargetDependency;
			target = 69D4E6AF1B3571A300DF1DFE /* BladeView */;
			targetProxy = 69D4E6CA1B3571A300DF1DFE /* PBXContainerItemProxy */;
		};
/* End PBXTargetDependency section */

/* Begin PBXVariantGroup section */
		69D4E6BD1B3571A300DF1DFE /* Main.storyboard */ = {
			isa = PBXVariantGroup;
			children = (
				69D4E6BE1B3571A300DF1DFE /* Base */,
			);
			name = Main.storyboard;
			sourceTree = "<group>";
		};
		69D4E6C21B3571A300DF1DFE /* LaunchScreen.xib */ = {
			isa = PBXVariantGroup;
			children = (
				69D4E6C31B3571A300DF1DFE /* Base */,
			);
			name = LaunchScreen.xib;
			sourceTree = "<group>";
		};
/* End PBXVariantGroup section */

/* Begin XCBuildConfiguration section */
		69D4E6D11B3571A300DF1DFE /* Debug */ = {
			isa = XCBuildConfiguration;
			buildSettings = {
				ALWAYS_SEARCH_USER_PATHS = NO;
				CLANG_CXX_LANGUAGE_STANDARD = "gnu++0x";
				CLANG_CXX_LIBRARY = "libc++";
				CLANG_ENABLE_MODULES = YES;
				CLANG_ENABLE_OBJC_ARC = YES;
				CLANG_WARN_BOOL_CONVERSION = YES;
				CLANG_WARN_CONSTANT_CONVERSION = YES;
				CLANG_WARN_DIRECT_OBJC_ISA_USAGE = YES_ERROR;
				CLANG_WARN_EMPTY_BODY = YES;
				CLANG_WARN_ENUM_CONVERSION = YES;
				CLANG_WARN_INT_CONVERSION = YES;
				CLANG_WARN_OBJC_ROOT_CLASS = YES_ERROR;
				CLANG_WARN_UNREACHABLE_CODE = YES;
				CLANG_WARN__DUPLICATE_METHOD_MATCH = YES;
				"CODE_SIGN_IDENTITY[sdk=iphoneos*]" = "iPhone Developer";
				COPY_PHASE_STRIP = NO;
				ENABLE_STRICT_OBJC_MSGSEND = YES;
				GCC_C_LANGUAGE_STANDARD = gnu99;
				GCC_DYNAMIC_NO_PIC = NO;
				GCC_OPTIMIZATION_LEVEL = 0;
				GCC_PREPROCESSOR_DEFINITIONS = (
					"DEBUG=1",
					"$(inherited)",
				);
				GCC_SYMBOLS_PRIVATE_EXTERN = NO;
				GCC_WARN_64_TO_32_BIT_CONVERSION = YES;
				GCC_WARN_ABOUT_RETURN_TYPE = YES_ERROR;
				GCC_WARN_UNDECLARED_SELECTOR = YES;
				GCC_WARN_UNINITIALIZED_AUTOS = YES_AGGRESSIVE;
				GCC_WARN_UNUSED_FUNCTION = YES;
				GCC_WARN_UNUSED_VARIABLE = YES;
				IPHONEOS_DEPLOYMENT_TARGET = 8.1;
				MTL_ENABLE_DEBUG_INFO = YES;
				ONLY_ACTIVE_ARCH = YES;
				SDKROOT = iphoneos;
				TARGETED_DEVICE_FAMILY = "1,2";
			};
			name = Debug;
		};
		69D4E6D21B3571A300DF1DFE /* Release */ = {
			isa = XCBuildConfiguration;
			buildSettings = {
				ALWAYS_SEARCH_USER_PATHS = NO;
				CLANG_CXX_LANGUAGE_STANDARD = "gnu++0x";
				CLANG_CXX_LIBRARY = "libc++";
				CLANG_ENABLE_MODULES = YES;
				CLANG_ENABLE_OBJC_ARC = YES;
				CLANG_WARN_BOOL_CONVERSION = YES;
				CLANG_WARN_CONSTANT_CONVERSION = YES;
				CLANG_WARN_DIRECT_OBJC_ISA_USAGE = YES_ERROR;
				CLANG_WARN_EMPTY_BODY = YES;
				CLANG_WARN_ENUM_CONVERSION = YES;
				CLANG_WARN_INT_CONVERSION = YES;
				CLANG_WARN_OBJC_ROOT_CLASS = YES_ERROR;
				CLANG_WARN_UNREACHABLE_CODE = YES;
				CLANG_WARN__DUPLICATE_METHOD_MATCH = YES;
				"CODE_SIGN_IDENTITY[sdk=iphoneos*]" = "iPhone Developer";
				COPY_PHASE_STRIP = YES;
				ENABLE_NS_ASSERTIONS = NO;
				ENABLE_STRICT_OBJC_MSGSEND = YES;
				GCC_C_LANGUAGE_STANDARD = gnu99;
				GCC_WARN_64_TO_32_BIT_CONVERSION = YES;
				GCC_WARN_ABOUT_RETURN_TYPE = YES_ERROR;
				GCC_WARN_UNDECLARED_SELECTOR = YES;
				GCC_WARN_UNINITIALIZED_AUTOS = YES_AGGRESSIVE;
				GCC_WARN_UNUSED_FUNCTION = YES;
				GCC_WARN_UNUSED_VARIABLE = YES;
				IPHONEOS_DEPLOYMENT_TARGET = 8.1;
				MTL_ENABLE_DEBUG_INFO = NO;
				SDKROOT = iphoneos;
				TARGETED_DEVICE_FAMILY = "1,2";
				VALIDATE_PRODUCT = YES;
			};
			name = Release;
		};
		69D4E6D41B3571A300DF1DFE /* Debug */ = {
			isa = XCBuildConfiguration;
			buildSettings = {
				ASSETCATALOG_COMPILER_APPICON_NAME = AppIcon;
				INFOPLIST_FILE = BladeView/Info.plist;
				LD_RUNPATH_SEARCH_PATHS = "$(inherited) @executable_path/Frameworks";
				PRODUCT_NAME = "$(TARGET_NAME)";
			};
			name = Debug;
		};
		69D4E6D51B3571A300DF1DFE /* Release */ = {
			isa = XCBuildConfiguration;
			buildSettings = {
				ASSETCATALOG_COMPILER_APPICON_NAME = AppIcon;
				INFOPLIST_FILE = BladeView/Info.plist;
				LD_RUNPATH_SEARCH_PATHS = "$(inherited) @executable_path/Frameworks";
				PRODUCT_NAME = "$(TARGET_NAME)";
			};
			name = Release;
		};
		69D4E6D71B3571A300DF1DFE /* Debug */ = {
			isa = XCBuildConfiguration;
			buildSettings = {
				BUNDLE_LOADER = "$(TEST_HOST)";
				FRAMEWORK_SEARCH_PATHS = (
					"$(SDKROOT)/Developer/Library/Frameworks",
					"$(inherited)",
				);
				GCC_PREPROCESSOR_DEFINITIONS = (
					"DEBUG=1",
					"$(inherited)",
				);
				INFOPLIST_FILE = BladeViewTests/Info.plist;
				LD_RUNPATH_SEARCH_PATHS = "$(inherited) @executable_path/Frameworks @loader_path/Frameworks";
				PRODUCT_NAME = "$(TARGET_NAME)";
				TEST_HOST = "$(BUILT_PRODUCTS_DIR)/BladeView.app/BladeView";
			};
			name = Debug;
		};
		69D4E6D81B3571A300DF1DFE /* Release */ = {
			isa = XCBuildConfiguration;
			buildSettings = {
				BUNDLE_LOADER = "$(TEST_HOST)";
				FRAMEWORK_SEARCH_PATHS = (
					"$(SDKROOT)/Developer/Library/Frameworks",
					"$(inherited)",
				);
				INFOPLIST_FILE = BladeViewTests/Info.plist;
				LD_RUNPATH_SEARCH_PATHS = "$(inherited) @executable_path/Frameworks @loader_path/Frameworks";
				PRODUCT_NAME = "$(TARGET_NAME)";
				TEST_HOST = "$(BUILT_PRODUCTS_DIR)/BladeView.app/BladeView";
			};
			name = Release;
		};
/* End XCBuildConfiguration section */

/* Begin XCConfigurationList section */
		69D4E6AB1B3571A300DF1DFE /* Build configuration list for PBXProject "BladeView" */ = {
			isa = XCConfigurationList;
			buildConfigurations = (
				69D4E6D11B3571A300DF1DFE /* Debug */,
				69D4E6D21B3571A300DF1DFE /* Release */,
			);
			defaultConfigurationIsVisible = 0;
			defaultConfigurationName = Release;
		};
		69D4E6D31B3571A300DF1DFE /* Build configuration list for PBXNativeTarget "BladeView" */ = {
			isa = XCConfigurationList;
			buildConfigurations = (
				69D4E6D41B3571A300DF1DFE /* Debug */,
				69D4E6D51B3571A300DF1DFE /* Release */,
			);
			defaultConfigurationIsVisible = 0;
		};
		69D4E6D61B3571A300DF1DFE /* Build configuration list for PBXNativeTarget "BladeViewTests" */ = {
			isa = XCConfigurationList;
			buildConfigurations = (
				69D4E6D71B3571A300DF1DFE /* Debug */,
				69D4E6D81B3571A300DF1DFE /* Release */,
			);
			defaultConfigurationIsVisible = 0;
		};
/* End XCConfigurationList section */
	};
	rootObject = 69D4E6A81B3571A300DF1DFE /* Project object */;
}
